<?xml version="1.0" encoding="utf-8"?>
<Project ToolsVersion="14.0" xmlns="http://schemas.microsoft.com/developer/msbuild/2003">
  <ItemGroup>
    <Filter Include="Resource Files">
      <UniqueIdentifier>{67DA6AB6-F800-4c08-8B7A-83BB121AAD01}</UniqueIdentifier>
      <Extensions>rc;ico;cur;bmp;dlg;rc2;rct;bin;rgs;gif;jpg;jpeg;jpe;resx;tga;tiff;tif;png;wav;mfcribbon-ms</Extensions>
    </Filter>
    <Filter Include="src">
      <UniqueIdentifier>{ae8448b4-4ce7-4e5c-899c-941fbf276e7b}</UniqueIdentifier>
    </Filter>
    <Filter Include="include">
      <UniqueIdentifier>{bed2b447-502c-4c5f-872d-e38f55c85abe}</UniqueIdentifier>
    </Filter>
  </ItemGroup>
  <ItemGroup>
    <ClCompile Include="..\..\src\SmartValueManager\SmartValueManager.cpp">
      <Filter>src</Filter>
    </ClCompile>
    <ClCompile Include="..\..\src\TextureManager\SalmonTexture.cpp">
      <Filter>src</Filter>
    </ClCompile>
    <ClCompile Include="..\..\src\Utils\Console\Console.cpp">
      <Filter>src</Filter>
    </ClCompile>
    <ClCompile Include="..\..\src\Utils\DataTypes\DataTypes.cpp">
      <Filter>src</Filter>
    </ClCompile>
    <ClCompile Include="..\..\src\Utils\FileUtils\FileUtils.cpp">
      <Filter>src</Filter>
    </ClCompile>
    <ClCompile Include="..\..\src\Utils\JpegHelper.cpp">
      <Filter>src</Filter>
    </ClCompile>
    <ClCompile Include="..\..\src\Utils\PngHelper.cpp">
      <Filter>src</Filter>
    </ClCompile>
    <ClCompile Include="..\..\src\Utils\SerializeInterface\SerializeInterface.cpp">
      <Filter>src</Filter>
    </ClCompile>
    <ClCompile Include="..\..\src\Utils\SimpleTimer.cpp">
      <Filter>src</Filter>
    </ClCompile>
    <ClCompile Include="..\..\src\Utils\TgaLoader.cpp">
      <Filter>src</Filter>
    </ClCompile>
    <ClCompile Include="..\..\src\Utils\ThreadUtils.cpp">
      <Filter>src</Filter>
    </ClCompile>
    <ClCompile Include="..\..\src\Utils\WinApi\WinApi.cpp">
      <Filter>src</Filter>
    </ClCompile>
    <ClCompile Include="..\..\src\GlobalConst.cpp">
      <Filter>src</Filter>
    </ClCompile>
    <ClCompile Include="..\..\src\SalmonEngineInterface.cpp">
      <Filter>src</Filter>
    </ClCompile>
    <ClCompile Include="..\..\src\FontManager\FontManager.cpp">
      <Filter>src</Filter>
    </ClCompile>
    <ClCompile Include="..\..\src\FrameManager\FrameManager.cpp">
      <Filter>src</Filter>
    </ClCompile>
    <ClCompile Include="..\..\src\GUIManager\ButtonWidget.cpp">
      <Filter>src</Filter>
    </ClCompile>
    <ClCompile Include="..\..\src\GUIManager\GUIManager.cpp">
      <Filter>src</Filter>
    </ClCompile>
    <ClCompile Include="..\..\src\GUIManager\KeyboardWidget.cpp">
      <Filter>src</Filter>
    </ClCompile>
    <ClCompile Include="..\..\src\GUIManager\NewGuiManager.cpp">
      <Filter>src</Filter>
    </ClCompile>
    <ClCompile Include="..\..\src\GUIManager\WidgetXmlParsers.cpp">
      <Filter>src</Filter>
    </ClCompile>
    <ClCompile Include="..\..\src\Render\RenderMisc.cpp">
      <Filter>src</Filter>
    </ClCompile>
    <ClCompile Include="..\..\src\Render\RenderParams.cpp">
      <Filter>src</Filter>
    </ClCompile>
    <ClCompile Include="..\..\src\Render\SalmonRender\Cameras.cpp">
      <Filter>src</Filter>
    </ClCompile>
    <ClCompile Include="..\..\src\Render\SalmonRender\SalmonRenderInterface.cpp">
      <Filter>src</Filter>
    </ClCompile>
    <ClCompile Include="..\..\src\ShaderManager\ShaderManager.cpp">
      <Filter>src</Filter>
    </ClCompile>
    <ClCompile Include="..\..\src\SalmonEngineWindowsUniversal.cpp">
      <Filter>src</Filter>
    </ClCompile>
    <ClCompile Include="..\..\src\Render\SalmonRender\SalmonRenderWindowsUniversal.cpp">
      <Filter>src</Filter>
    </ClCompile>
    <ClCompile Include="..\..\src\Render\SalmonRender\SalmonRenderGLES20.cpp">
      <Filter>src</Filter>
    </ClCompile>
  </ItemGroup>
  <ItemGroup>
    <ClInclude Include="..\..\include\FrameManager\FrameManager.h">
      <Filter>include</Filter>
    </ClInclude>
    <ClInclude Include="..\..\include\GUIManager\ButtonWidget.h">
      <Filter>include</Filter>
    </ClInclude>
    <ClInclude Include="..\..\include\GUIManager\GUIManager.h">
      <Filter>include</Filter>
    </ClInclude>
    <ClInclude Include="..\..\include\GUIManager\KeyboardWidget.h">
      <Filter>include</Filter>
    </ClInclude>
    <ClInclude Include="..\..\include\GUIManager\NewGuiManager.h">
      <Filter>include</Filter>
    </ClInclude>
    <ClInclude Include="..\..\include\GUIManager\WidgetTemplatesImpl.h">
      <Filter>include</Filter>
    </ClInclude>
    <ClInclude Include="..\..\include\GUIManager\WidgetXmlParsers.h">
      <Filter>include</Filter>
    </ClInclude>
    <ClInclude Include="..\..\include\LightManager\LightManager.h">
      <Filter>include</Filter>
    </ClInclude>
    <ClInclude Include="..\..\include\Render\RenderMisc.h">
      <Filter>include</Filter>
    </ClInclude>
    <ClInclude Include="..\..\include\Render\RenderParams.h">
      <Filter>include</Filter>
    </ClInclude>
    <ClInclude Include="..\..\include\Render\SalmonRender\Cameras.h">
      <Filter>include</Filter>
    </ClInclude>
    <ClInclude Include="..\..\include\Render\SalmonRender\SalmonRenderInterface.h">
      <Filter>include</Filter>
    </ClInclude>
    <ClInclude Include="..\..\include\ShaderManager\ShaderManager.h">
      <Filter>include</Filter>
    </ClInclude>
    <ClInclude Include="..\..\include\SmartValueManager\SmartValueManager.h">
      <Filter>include</Filter>
    </ClInclude>
    <ClInclude Include="..\..\include\TextureManager\SalmonTexture.h">
      <Filter>include</Filter>
    </ClInclude>
    <ClInclude Include="..\..\include\Utils\BindableVar.h">
      <Filter>include</Filter>
    </ClInclude>
    <ClInclude Include="..\..\include\Utils\Console\Console.h">
      <Filter>include</Filter>
    </ClInclude>
    <ClInclude Include="..\..\include\Utils\DataTypes\DataTypes.h">
      <Filter>include</Filter>
    </ClInclude>
    <ClInclude Include="..\..\include\Utils\ErrorTypes\ErrorTypes.h">
      <Filter>include</Filter>
    </ClInclude>
    <ClInclude Include="..\..\include\Utils\FileUtils\FileUtils.h">
      <Filter>include</Filter>
    </ClInclude>
    <ClInclude Include="..\..\include\Utils\IosApi\ObjC\ViewControllerTemplate.h">
      <Filter>include</Filter>
    </ClInclude>
    <ClInclude Include="..\..\include\Utils\JpegHelper.h">
      <Filter>include</Filter>
    </ClInclude>
    <ClInclude Include="..\..\include\Utils\PngHelper.h">
      <Filter>include</Filter>
    </ClInclude>
    <ClInclude Include="..\..\include\Utils\SerializeInterface\SerializeInterface.h">
      <Filter>include</Filter>
    </ClInclude>
    <ClInclude Include="..\..\include\Utils\SimpleTimer.h">
      <Filter>include</Filter>
    </ClInclude>
    <ClInclude Include="..\..\include\Utils\TgaLoader.h">
      <Filter>include</Filter>
    </ClInclude>
    <ClInclude Include="..\..\include\Utils\ThreadUtils.h">
      <Filter>include</Filter>
    </ClInclude>
    <ClInclude Include="..\..\include\Utils\ThreadUtilsImpl.h">
      <Filter>include</Filter>
    </ClInclude>
    <ClInclude Include="..\..\include\Utils\Utils.h">
      <Filter>include</Filter>
    </ClInclude>
    <ClInclude Include="..\..\include\Utils\WinApi\WinApi.h">
      <Filter>include</Filter>
    </ClInclude>
    <ClInclude Include="..\..\include\Engine.h">
      <Filter>include</Filter>
    </ClInclude>
    <ClInclude Include="..\..\include\GlobalConst.h">
      <Filter>include</Filter>
    </ClInclude>
    <ClInclude Include="..\..\include\SalmonEngineInterface.h">
      <Filter>include</Filter>
    </ClInclude>
    <ClInclude Include="..\..\include\FontManager\FontManager.h">
      <Filter>include</Filter>
    </ClInclude>
    <ClInclude Include="..\..\include\SalmonEngineWindowsUniversal.h">
      <Filter>include</Filter>
    </ClInclude>
    <ClInclude Include="..\..\include\Render\SalmonRender\SalmonRenderGLES20.h">
      <Filter>include</Filter>
    </ClInclude>
    <ClInclude Include="..\..\include\Render\SalmonRender\SalmonRenderWindowsUniversal.h">
      <Filter>include</Filter>
    </ClInclude>
  </ItemGroup>
  <ItemGroup>
    <None Include="packages.config" />
  </ItemGroup>
</Project>