
Microsoft Visual Studio Solution File, Format Version 11.00
# Visual C++ Express 2010
Project("{8BC9CEB8-8B4A-11D0-8D11-00A0C91BC942}") = "Template", "Template\Template.vcxproj", "{0080A3E1-DFBF-4557-B198-E6D5D7724393}"
	ProjectSection(ProjectDependencies) = postProject
		{4E274B19-10B2-4987-96C5-76F35A149502} = {4E274B19-10B2-4987-96C5-76F35A149502}
	EndProjectSection
EndProject
Project("{8BC9CEB8-8B4A-11D0-8D11-00A0C91BC942}") = "Halibut Engine", "..\..\..\..\Engine\Halibut Engine\Halibut Engine.vcxproj", "{4E274B19-10B2-4987-96C5-76F35A149502}"
EndProject
Global
	GlobalSection(SolutionConfigurationPlatforms) = preSolution
		Debug_nosound|Win32 = Debug_nosound|Win32
		Debug|Win32 = Debug|Win32
		Release|Win32 = Release|Win32
	EndGlobalSection
	GlobalSection(ProjectConfigurationPlatforms) = postSolution
		{0080A3E1-DFBF-4557-B198-E6D5D7724393}.Debug_nosound|Win32.ActiveCfg = Debug|Win32
		{0080A3E1-DFBF-4557-B198-E6D5D7724393}.Debug_nosound|Win32.Build.0 = Debug|Win32
		{0080A3E1-DFBF-4557-B198-E6D5D7724393}.Debug|Win32.ActiveCfg = Debug|Win32
		{0080A3E1-DFBF-4557-B198-E6D5D7724393}.Debug|Win32.Build.0 = Debug|Win32
		{0080A3E1-DFBF-4557-B198-E6D5D7724393}.Release|Win32.ActiveCfg = Release|Win32
		{0080A3E1-DFBF-4557-B198-E6D5D7724393}.Release|Win32.Build.0 = Release|Win32
		{4E274B19-10B2-4987-96C5-76F35A149502}.Debug_nosound|Win32.ActiveCfg = Debug_nosound|Win32
		{4E274B19-10B2-4987-96C5-76F35A149502}.Debug_nosound|Win32.Build.0 = Debug_nosound|Win32
		{4E274B19-10B2-4987-96C5-76F35A149502}.Debug|Win32.ActiveCfg = Debug|Win32
		{4E274B19-10B2-4987-96C5-76F35A149502}.Debug|Win32.Build.0 = Debug|Win32
		{4E274B19-10B2-4987-96C5-76F35A149502}.Release|Win32.ActiveCfg = Release|Win32
		{4E274B19-10B2-4987-96C5-76F35A149502}.Release|Win32.Build.0 = Release|Win32
	EndGlobalSection
	GlobalSection(SolutionProperties) = preSolution
		HideSolutionNode = FALSE
	EndGlobalSection
EndGlobal
