<?xml version="1.0" encoding="utf-8"?>
<Project ToolsVersion="4.0" xmlns="http://schemas.microsoft.com/developer/msbuild/2003">
  <ItemGroup>
    <Filter Include="include">
      <UniqueIdentifier>{85120cba-bd94-41e3-8072-6afd89885e50}</UniqueIdentifier>
    </Filter>
    <Filter Include="src">
      <UniqueIdentifier>{9f926943-678d-42e7-9608-611cf0362ebe}</UniqueIdentifier>
    </Filter>
  </ItemGroup>
  <ItemGroup>
    <ClInclude Include="..\..\..\include\Utils\BindableVar.h">
      <Filter>include</Filter>
    </ClInclude>
    <ClInclude Include="..\..\..\include\GUIManager\ButtonWidget.h">
      <Filter>include</Filter>
    </ClInclude>
    <ClInclude Include="..\..\..\include\Render\SalmonRender\Cameras.h">
      <Filter>include</Filter>
    </ClInclude>
    <ClInclude Include="..\..\..\include\Utils\Console\Console.h">
      <Filter>include</Filter>
    </ClInclude>
    <ClInclude Include="..\..\..\include\Utils\DataTypes\DataTypes.h">
      <Filter>include</Filter>
    </ClInclude>
    <ClInclude Include="..\..\..\include\Engine.h">
      <Filter>include</Filter>
    </ClInclude>
    <ClInclude Include="..\..\..\include\Utils\ErrorTypes\ErrorTypes.h">
      <Filter>include</Filter>
    </ClInclude>
    <ClInclude Include="..\..\..\include\Utils\FileUtils\FileUtils.h">
      <Filter>include</Filter>
    </ClInclude>
    <ClInclude Include="..\..\..\include\FontManager\FontManager.h">
      <Filter>include</Filter>
    </ClInclude>
    <ClInclude Include="..\..\..\include\FrameManager\FrameManager.h">
      <Filter>include</Filter>
    </ClInclude>
    <ClInclude Include="..\..\..\include\GlobalConst.h">
      <Filter>include</Filter>
    </ClInclude>
    <ClInclude Include="..\..\..\include\GUIManager\GUIManager.h">
      <Filter>include</Filter>
    </ClInclude>
    <ClInclude Include="..\..\..\include\GUIManager\KeyboardWidget.h">
      <Filter>include</Filter>
    </ClInclude>
    <ClInclude Include="..\..\..\include\GUIManager\NewGuiManager.h">
      <Filter>include</Filter>
    </ClInclude>
    <ClInclude Include="..\..\..\include\LightManager\LightManager.h">
      <Filter>include</Filter>
    </ClInclude>
    <ClInclude Include="..\..\..\include\Utils\JpegHelper.h">
      <Filter>include</Filter>
    </ClInclude>
    <ClInclude Include="..\..\..\include\Utils\PngHelper.h">
      <Filter>include</Filter>
    </ClInclude>
    <ClInclude Include="..\..\..\include\Render\RenderMisc.h">
      <Filter>include</Filter>
    </ClInclude>
    <ClInclude Include="..\..\..\include\Render\RenderParams.h">
      <Filter>include</Filter>
    </ClInclude>
    <ClInclude Include="..\..\..\include\SalmonEngineAndroid.h">
      <Filter>include</Filter>
    </ClInclude>
    <ClInclude Include="..\..\..\include\SalmonEngineInterface.h">
      <Filter>include</Filter>
    </ClInclude>
    <ClInclude Include="..\..\..\include\Render\SalmonRender\SalmonRenderAndroid.h">
      <Filter>include</Filter>
    </ClInclude>
    <ClInclude Include="..\..\..\include\Render\SalmonRender\SalmonRenderGLES20.h">
      <Filter>include</Filter>
    </ClInclude>
    <ClInclude Include="..\..\..\include\Render\SalmonRender\SalmonRenderInterface.h">
      <Filter>include</Filter>
    </ClInclude>
    <ClInclude Include="..\..\..\include\TextureManager\SalmonTexture.h">
      <Filter>include</Filter>
    </ClInclude>
    <ClInclude Include="..\..\..\include\ShaderManager\ShaderManager.h">
      <Filter>include</Filter>
    </ClInclude>
    <ClInclude Include="..\..\..\include\Utils\SerializeInterface\SerializeInterface.h">
      <Filter>include</Filter>
    </ClInclude>
    <ClInclude Include="..\..\..\include\Utils\SimpleTimer.h">
      <Filter>include</Filter>
    </ClInclude>
    <ClInclude Include="..\..\..\include\Utils\TgaLoader.h">
      <Filter>include</Filter>
    </ClInclude>
    <ClInclude Include="..\..\..\include\Utils\ThreadUtils.h">
      <Filter>include</Filter>
    </ClInclude>
    <ClInclude Include="..\..\..\include\Utils\ThreadUtilsImpl.h">
      <Filter>include</Filter>
    </ClInclude>
    <ClInclude Include="..\..\..\include\Utils\Utils.h">
      <Filter>include</Filter>
    </ClInclude>
    <ClInclude Include="..\..\..\include\SmartValueManager\SmartValueManager.h">
      <Filter>include</Filter>
    </ClInclude>
    <ClInclude Include="..\..\..\include\GUIManager\WidgetTemplatesImpl.h">
      <Filter>include</Filter>
    </ClInclude>
    <ClInclude Include="..\..\..\include\GUIManager\WidgetXmlParsers.h">
      <Filter>include</Filter>
    </ClInclude>
    <ClInclude Include="..\..\..\include\Utils\JniApi\JniApi.h">
      <Filter>include</Filter>
    </ClInclude>
  </ItemGroup>
  <ItemGroup>
    <ClCompile Include="..\..\..\src\SalmonEngineInterface.cpp">
      <Filter>src</Filter>
    </ClCompile>
    <ClCompile Include="..\..\..\src\GlobalConst.cpp">
      <Filter>src</Filter>
    </ClCompile>
    <ClCompile Include="..\..\..\src\SalmonEngineAndroid.cpp">
      <Filter>src</Filter>
    </ClCompile>
    <ClCompile Include="..\..\..\src\Utils\JpegHelper.cpp">
      <Filter>src</Filter>
    </ClCompile>
    <ClCompile Include="..\..\..\src\Utils\PngHelper.cpp">
      <Filter>src</Filter>
    </ClCompile>
    <ClCompile Include="..\..\..\src\Utils\SimpleTimer.cpp">
      <Filter>src</Filter>
    </ClCompile>
    <ClCompile Include="..\..\..\src\Utils\TgaLoader.cpp">
      <Filter>src</Filter>
    </ClCompile>
    <ClCompile Include="..\..\..\src\Utils\ThreadUtils.cpp">
      <Filter>src</Filter>
    </ClCompile>
    <ClCompile Include="..\..\..\src\Utils\Console\Console.cpp">
      <Filter>src</Filter>
    </ClCompile>
    <ClCompile Include="..\..\..\src\Utils\DataTypes\DataTypes.cpp">
      <Filter>src</Filter>
    </ClCompile>
    <ClCompile Include="..\..\..\src\Utils\FileUtils\FileUtils.cpp">
      <Filter>src</Filter>
    </ClCompile>
    <ClCompile Include="..\..\..\src\Utils\JniApi\JniApi.cpp">
      <Filter>src</Filter>
    </ClCompile>
    <ClCompile Include="..\..\..\src\Utils\SerializeInterface\SerializeInterface.cpp">
      <Filter>src</Filter>
    </ClCompile>
    <ClCompile Include="..\..\..\src\FontManager\FontManager.cpp">
      <Filter>src</Filter>
    </ClCompile>
    <ClCompile Include="..\..\..\src\FrameManager\FrameManager.cpp">
      <Filter>src</Filter>
    </ClCompile>
    <ClCompile Include="..\..\..\src\TextureManager\SalmonTexture.cpp">
      <Filter>src</Filter>
    </ClCompile>
    <ClCompile Include="..\..\..\src\ShaderManager\ShaderManager.cpp">
      <Filter>src</Filter>
    </ClCompile>
    <ClCompile Include="..\..\..\src\SmartValueManager\SmartValueManager.cpp">
      <Filter>src</Filter>
    </ClCompile>
    <ClCompile Include="..\..\..\src\Render\SalmonRender\Cameras.cpp">
      <Filter>src</Filter>
    </ClCompile>
    <ClCompile Include="..\..\..\src\Render\RenderParams.cpp">
      <Filter>src</Filter>
    </ClCompile>
    <ClCompile Include="..\..\..\src\Render\SalmonRender\SalmonRenderAndroid.cpp">
      <Filter>src</Filter>
    </ClCompile>
    <ClCompile Include="..\..\..\src\Render\SalmonRender\SalmonRenderGLES20.cpp">
      <Filter>src</Filter>
    </ClCompile>
    <ClCompile Include="..\..\..\src\Render\SalmonRender\SalmonRenderInterface.cpp">
      <Filter>src</Filter>
    </ClCompile>
    <ClCompile Include="..\..\..\src\Render\RenderMisc.cpp">
      <Filter>src</Filter>
    </ClCompile>
    <ClCompile Include="..\..\..\src\GUIManager\WidgetXmlParsers.cpp">
      <Filter>src</Filter>
    </ClCompile>
    <ClCompile Include="..\..\..\src\GUIManager\ButtonWidget.cpp">
      <Filter>src</Filter>
    </ClCompile>
    <ClCompile Include="..\..\..\src\GUIManager\GUIManager.cpp">
      <Filter>src</Filter>
    </ClCompile>
    <ClCompile Include="..\..\..\src\GUIManager\KeyboardWidget.cpp">
      <Filter>src</Filter>
    </ClCompile>
    <ClCompile Include="..\..\..\src\GUIManager\NewGuiManager.cpp">
      <Filter>src</Filter>
    </ClCompile>
  </ItemGroup>
</Project>