
Microsoft Visual Studio Solution File, Format Version 11.00
# Visual C++ Express 2010
Project("{8BC9CEB8-8B4A-11D0-8D11-00A0C91BC942}") = "Template", "Template\Template.vcxproj", "{0080A3E1-DFBF-4557-B198-E6D5D7724393}"
	ProjectSection(ProjectDependencies) = postProject
		{48ADCE9F-9539-4D3A-BCFA-C2ABABAF0B20} = {48ADCE9F-9539-4D3A-BCFA-C2ABABAF0B20}
	EndProjectSection
EndProject
Project("{8BC9CEB8-8B4A-11D0-8D11-00A0C91BC942}") = "Salmon Engine", "..\..\..\Engine\Salmon Engine\Salmon Engine.vcxproj", "{48ADCE9F-9539-4D3A-BCFA-C2ABABAF0B20}"
EndProject
Global
	GlobalSection(SolutionConfigurationPlatforms) = preSolution
		Debug_nosound|Win32 = Debug_nosound|Win32
		Debug|Win32 = Debug|Win32
		Release|Win32 = Release|Win32
	EndGlobalSection
	GlobalSection(ProjectConfigurationPlatforms) = postSolution
		{0080A3E1-DFBF-4557-B198-E6D5D7724393}.Debug_nosound|Win32.ActiveCfg = Debug|Win32
		{0080A3E1-DFBF-4557-B198-E6D5D7724393}.Debug_nosound|Win32.Build.0 = Debug|Win32
		{0080A3E1-DFBF-4557-B198-E6D5D7724393}.Debug|Win32.ActiveCfg = Debug|Win32
		{0080A3E1-DFBF-4557-B198-E6D5D7724393}.Debug|Win32.Build.0 = Debug|Win32
		{0080A3E1-DFBF-4557-B198-E6D5D7724393}.Release|Win32.ActiveCfg = Release|Win32
		{0080A3E1-DFBF-4557-B198-E6D5D7724393}.Release|Win32.Build.0 = Release|Win32
		{48ADCE9F-9539-4D3A-BCFA-C2ABABAF0B20}.Debug_nosound|Win32.ActiveCfg = Debug_nosound|Win32
		{48ADCE9F-9539-4D3A-BCFA-C2ABABAF0B20}.Debug_nosound|Win32.Build.0 = Debug_nosound|Win32
		{48ADCE9F-9539-4D3A-BCFA-C2ABABAF0B20}.Debug|Win32.ActiveCfg = Debug|Win32
		{48ADCE9F-9539-4D3A-BCFA-C2ABABAF0B20}.Debug|Win32.Build.0 = Debug|Win32
		{48ADCE9F-9539-4D3A-BCFA-C2ABABAF0B20}.Release|Win32.ActiveCfg = Release|Win32
		{48ADCE9F-9539-4D3A-BCFA-C2ABABAF0B20}.Release|Win32.Build.0 = Release|Win32
	EndGlobalSection
	GlobalSection(SolutionProperties) = preSolution
		HideSolutionNode = FALSE
	EndGlobalSection
EndGlobal
