<?xml version="1.0" encoding="utf-8"?>
<Project ToolsVersion="4.0" xmlns="http://schemas.microsoft.com/developer/msbuild/2003">
  <ItemGroup>
    <Filter Include="Файлы исходного кода">
      <UniqueIdentifier>{4FC737F1-C7A5-4376-A066-2A32D752A2FF}</UniqueIdentifier>
      <Extensions>cpp;c;cc;cxx;def;odl;idl;hpj;bat;asm;asmx</Extensions>
    </Filter>
    <Filter Include="Заголовочные файлы">
      <UniqueIdentifier>{93995380-89BD-4b04-88EB-625FBE52EBFB}</UniqueIdentifier>
      <Extensions>h;hh;hpp;hxx;hm;inl;inc;xsd</Extensions>
    </Filter>
    <Filter Include="Файлы ресурсов">
      <UniqueIdentifier>{67DA6AB6-F800-4c08-8B7A-83BB121AAD01}</UniqueIdentifier>
      <Extensions>rc;ico;cur;bmp;dlg;rc2;rct;bin;rgs;gif;jpg;jpeg;jpe;resx;tiff;tif;png;wav;mfcribbon-ms</Extensions>
    </Filter>
  </ItemGroup>
  <ItemGroup>
    <ClCompile Include="..\..\src\FontManager\FontManager.cpp">
      <Filter>Файлы исходного кода</Filter>
    </ClCompile>
    <ClCompile Include="..\..\src\FrameManager\FrameManager.cpp">
      <Filter>Файлы исходного кода</Filter>
    </ClCompile>
    <ClCompile Include="..\..\src\GlobalConst.cpp">
      <Filter>Файлы исходного кода</Filter>
    </ClCompile>
    <ClCompile Include="..\..\src\GUIManager\ButtonWidget.cpp">
      <Filter>Файлы исходного кода</Filter>
    </ClCompile>
    <ClCompile Include="..\..\src\GUIManager\GUIManager.cpp">
      <Filter>Файлы исходного кода</Filter>
    </ClCompile>
    <ClCompile Include="..\..\src\GUIManager\KeyboardWidget.cpp">
      <Filter>Файлы исходного кода</Filter>
    </ClCompile>
    <ClCompile Include="..\..\src\GUIManager\WidgetXmlParsers.cpp">
      <Filter>Файлы исходного кода</Filter>
    </ClCompile>
    <ClCompile Include="..\..\src\OpenGLExt\OpenGlExt.cpp">
      <Filter>Файлы исходного кода</Filter>
    </ClCompile>
    <ClCompile Include="..\..\src\Render\RenderMisc.cpp">
      <Filter>Файлы исходного кода</Filter>
    </ClCompile>
    <ClCompile Include="..\..\src\Render\RenderParams.cpp">
      <Filter>Файлы исходного кода</Filter>
    </ClCompile>
    <ClCompile Include="..\..\src\Render\SalmonRender\Cameras.cpp">
      <Filter>Файлы исходного кода</Filter>
    </ClCompile>
    <ClCompile Include="..\..\src\Render\SalmonRender\SalmonRenderGLES20.cpp">
      <Filter>Файлы исходного кода</Filter>
    </ClCompile>
    <ClCompile Include="..\..\src\Render\SalmonRender\SalmonRenderInterface.cpp">
      <Filter>Файлы исходного кода</Filter>
    </ClCompile>
    <ClCompile Include="..\..\src\Render\SalmonRender\SalmonRenderWindows.cpp">
      <Filter>Файлы исходного кода</Filter>
    </ClCompile>
    <ClCompile Include="..\..\src\SalmonEngineInterface.cpp">
      <Filter>Файлы исходного кода</Filter>
    </ClCompile>
    <ClCompile Include="..\..\src\SalmonEngineWindows.cpp">
      <Filter>Файлы исходного кода</Filter>
    </ClCompile>
    <ClCompile Include="..\..\src\ShaderManager\ShaderManager.cpp">
      <Filter>Файлы исходного кода</Filter>
    </ClCompile>
    <ClCompile Include="..\..\src\TextureManager\SalmonTexture.cpp">
      <Filter>Файлы исходного кода</Filter>
    </ClCompile>
    <ClCompile Include="..\..\src\Utils\Console\Console.cpp">
      <Filter>Файлы исходного кода</Filter>
    </ClCompile>
    <ClCompile Include="..\..\src\Utils\DataTypes\DataTypes.cpp">
      <Filter>Файлы исходного кода</Filter>
    </ClCompile>
    <ClCompile Include="..\..\src\Utils\DataTypes\NewDataTypes.cpp">
      <Filter>Файлы исходного кода</Filter>
    </ClCompile>
    <ClCompile Include="..\..\src\Utils\FileUtils\FileUtils.cpp">
      <Filter>Файлы исходного кода</Filter>
    </ClCompile>
    <ClCompile Include="..\..\src\Utils\JpegHelper.cpp">
      <Filter>Файлы исходного кода</Filter>
    </ClCompile>
    <ClCompile Include="..\..\src\Utils\PngHelper.cpp">
      <Filter>Файлы исходного кода</Filter>
    </ClCompile>
    <ClCompile Include="..\..\src\Utils\SerializeInterface\SerializeInterface.cpp">
      <Filter>Файлы исходного кода</Filter>
    </ClCompile>
    <ClCompile Include="..\..\src\Utils\SimpleTimer.cpp">
      <Filter>Файлы исходного кода</Filter>
    </ClCompile>
    <ClCompile Include="..\..\src\Utils\TgaLoader.cpp">
      <Filter>Файлы исходного кода</Filter>
    </ClCompile>
    <ClCompile Include="..\..\src\Utils\ThreadUtils.cpp">
      <Filter>Файлы исходного кода</Filter>
    </ClCompile>
    <ClCompile Include="..\..\src\Utils\WinApi\WinApi.cpp">
      <Filter>Файлы исходного кода</Filter>
    </ClCompile>
    <ClCompile Include="..\..\src\SmartValueManager\SmartValueManager.cpp">
      <Filter>Файлы исходного кода</Filter>
    </ClCompile>
    <ClCompile Include="..\..\src\GUIManager\NewGuiManager.cpp">
      <Filter>Файлы исходного кода</Filter>
    </ClCompile>
  </ItemGroup>
  <ItemGroup>
    <ClInclude Include="..\..\include\Animation\SalmonAnimation.h">
      <Filter>Заголовочные файлы</Filter>
    </ClInclude>
    <ClInclude Include="..\..\include\Engine.h">
      <Filter>Заголовочные файлы</Filter>
    </ClInclude>
    <ClInclude Include="..\..\include\FontManager\FontManager.h">
      <Filter>Заголовочные файлы</Filter>
    </ClInclude>
    <ClInclude Include="..\..\include\FrameManager\FrameManager.h">
      <Filter>Заголовочные файлы</Filter>
    </ClInclude>
    <ClInclude Include="..\..\include\GlobalConst.h">
      <Filter>Заголовочные файлы</Filter>
    </ClInclude>
    <ClInclude Include="..\..\include\GUIManager\ButtonWidget.h">
      <Filter>Заголовочные файлы</Filter>
    </ClInclude>
    <ClInclude Include="..\..\include\GUIManager\GUIManager.h">
      <Filter>Заголовочные файлы</Filter>
    </ClInclude>
    <ClInclude Include="..\..\include\GUIManager\KeyboardWidget.h">
      <Filter>Заголовочные файлы</Filter>
    </ClInclude>
    <ClInclude Include="..\..\include\GUIManager\WidgetTemplatesImpl.h">
      <Filter>Заголовочные файлы</Filter>
    </ClInclude>
    <ClInclude Include="..\..\include\GUIManager\WidgetXmlParsers.h">
      <Filter>Заголовочные файлы</Filter>
    </ClInclude>
    <ClInclude Include="..\..\include\LightManager\LightManager.h">
      <Filter>Заголовочные файлы</Filter>
    </ClInclude>
    <ClInclude Include="..\..\include\ModelManager\ModelManager.h">
      <Filter>Заголовочные файлы</Filter>
    </ClInclude>
    <ClInclude Include="..\..\include\ModelManager\NewModelManager.h">
      <Filter>Заголовочные файлы</Filter>
    </ClInclude>
    <ClInclude Include="..\..\include\OpenGLExt\OpenGlExt.h">
      <Filter>Заголовочные файлы</Filter>
    </ClInclude>
    <ClInclude Include="..\..\include\PhysicsManager\PhysicsManager.h">
      <Filter>Заголовочные файлы</Filter>
    </ClInclude>
    <ClInclude Include="..\..\include\Render\RenderMisc.h">
      <Filter>Заголовочные файлы</Filter>
    </ClInclude>
    <ClInclude Include="..\..\include\Render\RenderParams.h">
      <Filter>Заголовочные файлы</Filter>
    </ClInclude>
    <ClInclude Include="..\..\include\Render\SalmonRender\Cameras.h">
      <Filter>Заголовочные файлы</Filter>
    </ClInclude>
    <ClInclude Include="..\..\include\Render\SalmonRender\SalmonRenderAndroid.h">
      <Filter>Заголовочные файлы</Filter>
    </ClInclude>
    <ClInclude Include="..\..\include\Render\SalmonRender\SalmonRenderGLES20.h">
      <Filter>Заголовочные файлы</Filter>
    </ClInclude>
    <ClInclude Include="..\..\include\Render\SalmonRender\SalmonRenderInterface.h">
      <Filter>Заголовочные файлы</Filter>
    </ClInclude>
    <ClInclude Include="..\..\include\Render\SalmonRender\SalmonRenderIos.h">
      <Filter>Заголовочные файлы</Filter>
    </ClInclude>
    <ClInclude Include="..\..\include\Render\SalmonRender\SalmonRenderWindows.h">
      <Filter>Заголовочные файлы</Filter>
    </ClInclude>
    <ClInclude Include="..\..\include\SalmonEngineAndroid.h">
      <Filter>Заголовочные файлы</Filter>
    </ClInclude>
    <ClInclude Include="..\..\include\SalmonEngineInterface.h">
      <Filter>Заголовочные файлы</Filter>
    </ClInclude>
    <ClInclude Include="..\..\include\SalmonEngineIos.h">
      <Filter>Заголовочные файлы</Filter>
    </ClInclude>
    <ClInclude Include="..\..\include\SalmonEngineWindows.h">
      <Filter>Заголовочные файлы</Filter>
    </ClInclude>
    <ClInclude Include="..\..\include\ShaderManager\ShaderManager.h">
      <Filter>Заголовочные файлы</Filter>
    </ClInclude>
    <ClInclude Include="..\..\include\TextureManager\SalmonTexture.h">
      <Filter>Заголовочные файлы</Filter>
    </ClInclude>
    <ClInclude Include="..\..\include\Utils\BindableVar.h">
      <Filter>Заголовочные файлы</Filter>
    </ClInclude>
    <ClInclude Include="..\..\include\Utils\Console\Console.h">
      <Filter>Заголовочные файлы</Filter>
    </ClInclude>
    <ClInclude Include="..\..\include\Utils\DataTypes\DataTypes.h">
      <Filter>Заголовочные файлы</Filter>
    </ClInclude>
    <ClInclude Include="..\..\include\Utils\DataTypes\NewDataTypes.h">
      <Filter>Заголовочные файлы</Filter>
    </ClInclude>
    <ClInclude Include="..\..\include\Utils\ErrorTypes\ErrorTypes.h">
      <Filter>Заголовочные файлы</Filter>
    </ClInclude>
    <ClInclude Include="..\..\include\Utils\FileUtils\FileUtils.h">
      <Filter>Заголовочные файлы</Filter>
    </ClInclude>
    <ClInclude Include="..\..\include\Utils\IosApi\ObjC\GLKViewTemplate.h">
      <Filter>Заголовочные файлы</Filter>
    </ClInclude>
    <ClInclude Include="..\..\include\Utils\IosApi\ObjC\ViewControllerTemplate.h">
      <Filter>Заголовочные файлы</Filter>
    </ClInclude>
    <ClInclude Include="..\..\include\Utils\JpegHelper.h">
      <Filter>Заголовочные файлы</Filter>
    </ClInclude>
    <ClInclude Include="..\..\include\Utils\Network\Server.h">
      <Filter>Заголовочные файлы</Filter>
    </ClInclude>
    <ClInclude Include="..\..\include\Utils\Network\SignalSender.h">
      <Filter>Заголовочные файлы</Filter>
    </ClInclude>
    <ClInclude Include="..\..\include\Utils\PngHelper.h">
      <Filter>Заголовочные файлы</Filter>
    </ClInclude>
    <ClInclude Include="..\..\include\Utils\SerializeInterface\SerializeInterface.h">
      <Filter>Заголовочные файлы</Filter>
    </ClInclude>
    <ClInclude Include="..\..\include\Utils\SimpleTimer.h">
      <Filter>Заголовочные файлы</Filter>
    </ClInclude>
    <ClInclude Include="..\..\include\Utils\TgaLoader.h">
      <Filter>Заголовочные файлы</Filter>
    </ClInclude>
    <ClInclude Include="..\..\include\Utils\ThreadUtils.h">
      <Filter>Заголовочные файлы</Filter>
    </ClInclude>
    <ClInclude Include="..\..\include\Utils\ThreadUtilsImpl.h">
      <Filter>Заголовочные файлы</Filter>
    </ClInclude>
    <ClInclude Include="..\..\include\Utils\Utils.h">
      <Filter>Заголовочные файлы</Filter>
    </ClInclude>
    <ClInclude Include="..\..\include\Utils\WinApi\WinApi.h">
      <Filter>Заголовочные файлы</Filter>
    </ClInclude>
    <ClInclude Include="..\..\include\SmartValueManager\SmartValueManager.h">
      <Filter>Заголовочные файлы</Filter>
    </ClInclude>
    <ClInclude Include="..\..\include\GUIManager\NewGuiManager.h">
      <Filter>Заголовочные файлы</Filter>
    </ClInclude>
  </ItemGroup>
</Project>